
Microsoft Visual Studio Solution File, Format Version 12.00
# Visual Studio Version 16
VisualStudioVersion = 16.0.33328.57
MinimumVisualStudioVersion = 10.0.40219.1
Project("{FAE04EC0-301F-11D3-BF4B-00C04F79EFBC}") = "Mission10_haylowry", "Mission10_haylowry\Mission10_haylowry.csproj", "{28009508-B1FD-4B0C-89D9-BFF3A993889E}"
EndProject
Global
	GlobalSection(SolutionConfigurationPlatforms) = preSolution
		Debug|Any CPU = Debug|Any CPU
		Release|Any CPU = Release|Any CPU
	EndGlobalSection
	GlobalSection(ProjectConfigurationPlatforms) = postSolution
		{28009508-B1FD-4B0C-89D9-BFF3A993889E}.Debug|Any CPU.ActiveCfg = Debug|Any CPU
		{28009508-B1FD-4B0C-89D9-BFF3A993889E}.Debug|Any CPU.Build.0 = Debug|Any CPU
		{28009508-B1FD-4B0C-89D9-BFF3A993889E}.Release|Any CPU.ActiveCfg = Release|Any CPU
		{28009508-B1FD-4B0C-89D9-BFF3A993889E}.Release|Any CPU.Build.0 = Release|Any CPU
	EndGlobalSection
	GlobalSection(SolutionProperties) = preSolution
		HideSolutionNode = FALSE
	EndGlobalSection
	GlobalSection(ExtensibilityGlobals) = postSolution
		SolutionGuid = {16525D3D-EBD2-4669-A354-10427CC51533}
	EndGlobalSection
EndGlobal
